
Microsoft Visual Studio Solution File, Format Version 12.00
# Visual Studio Version 17
VisualStudioVersion = 17.12.35514.174 d17.12
MinimumVisualStudioVersion = 10.0.40219.1
Project("{2150E333-8FDC-42A3-9474-1A3956D46DE8}") = "ApiGateways", "ApiGateways", "{85DED876-327F-4318-9D24-A6A950B3833F}"
EndProject
Project("{2150E333-8FDC-42A3-9474-1A3956D46DE8}") = "Infrastructure", "Infrastructure", "{B2CB0945-1623-48A3-A8FA-4464B35239DC}"
EndProject
Project("{2150E333-8FDC-42A3-9474-1A3956D46DE8}") = "Services", "Services", "{8D857487-AD4A-41A5-8918-4367593CC69E}"
EndProject
Project("{2150E333-8FDC-42A3-9474-1A3956D46DE8}") = "Order", "Order", "{DEA78FCD-E61C-4D1A-A290-C2A74EF0E8F5}"
EndProject
Project("{2150E333-8FDC-42A3-9474-1A3956D46DE8}") = "Catalog", "Catalog", "{DB839190-BAEC-421C-8BE5-6440678107FF}"
EndProject
Project("{2150E333-8FDC-42A3-9474-1A3956D46DE8}") = "Basket", "Basket", "{0680CF91-8EA6-45D4-80D5-65D741CECBD0}"
EndProject
Project("{2150E333-8FDC-42A3-9474-1A3956D46DE8}") = "Discount", "Discount", "{8B83439D-5668-4E8F-97B6-64C8BF506418}"
EndProject
Project("{FAE04EC0-301F-11D3-BF4B-00C04F79EFBC}") = "ApiGetawey", "ApiGetawey\ApiGetawey.csproj", "{62A16287-50A6-4CC9-B71C-AE1722738228}"
EndProject
Project("{FAE04EC0-301F-11D3-BF4B-00C04F79EFBC}") = "Common.Core", "Common.Core\Common.Core.csproj", "{D9FCD33B-26F5-4230-9B7E-998030AFF05F}"
EndProject
Project("{FAE04EC0-301F-11D3-BF4B-00C04F79EFBC}") = "Common.Messaging", "Common.Messaging\Common.Messaging.csproj", "{F57E8A53-7328-46E7-B5B1-77C5AAB49D73}"
EndProject
Project("{FAE04EC0-301F-11D3-BF4B-00C04F79EFBC}") = "Order.Api", "Order.Api\Order.Api.csproj", "{31366A7F-A727-4649-8B0F-4DA628DCF5C4}"
EndProject
Project("{FAE04EC0-301F-11D3-BF4B-00C04F79EFBC}") = "Order.Application", "Order.Application\Order.Application.csproj", "{31F9BA47-BE83-4579-88AB-97633952E4CA}"
EndProject
Project("{FAE04EC0-301F-11D3-BF4B-00C04F79EFBC}") = "Order.Domain", "Order.Domain\Order.Domain.csproj", "{0DC4E396-5A25-4481-B1A4-75A02E0841CF}"
EndProject
Project("{FAE04EC0-301F-11D3-BF4B-00C04F79EFBC}") = "Order.Infrastracture", "Order.Infrastracture\Order.Infrastracture.csproj", "{4FA25776-9C53-4F8E-975D-1FD299F0BD36}"
EndProject
Project("{FAE04EC0-301F-11D3-BF4B-00C04F79EFBC}") = "Basket.Api", "Basket.Api\Basket.Api.csproj", "{2671F646-DEC5-4D52-B394-2DDEFBD8C0EF}"
EndProject
Project("{FAE04EC0-301F-11D3-BF4B-00C04F79EFBC}") = "Basket.Application", "Basket.Application\Basket.Application.csproj", "{C7B3936B-0527-46BD-9D94-D61E192C902D}"
EndProject
Project("{FAE04EC0-301F-11D3-BF4B-00C04F79EFBC}") = "Basket.Infrastracture", "Basket.Infrastracture\Basket.Infrastracture.csproj", "{5BF05CFA-7619-400B-A2BE-49265622A278}"
EndProject
Project("{FAE04EC0-301F-11D3-BF4B-00C04F79EFBC}") = "Basket.Core", "Basket.Core\Basket.Core.csproj", "{28AF2FD8-E0C7-41C0-86D4-EC6D83FBC936}"
EndProject
Global
	GlobalSection(SolutionConfigurationPlatforms) = preSolution
		Debug|Any CPU = Debug|Any CPU
		Release|Any CPU = Release|Any CPU
	EndGlobalSection
	GlobalSection(ProjectConfigurationPlatforms) = postSolution
		{62A16287-50A6-4CC9-B71C-AE1722738228}.Debug|Any CPU.ActiveCfg = Debug|Any CPU
		{62A16287-50A6-4CC9-B71C-AE1722738228}.Debug|Any CPU.Build.0 = Debug|Any CPU
		{62A16287-50A6-4CC9-B71C-AE1722738228}.Release|Any CPU.ActiveCfg = Release|Any CPU
		{62A16287-50A6-4CC9-B71C-AE1722738228}.Release|Any CPU.Build.0 = Release|Any CPU
		{D9FCD33B-26F5-4230-9B7E-998030AFF05F}.Debug|Any CPU.ActiveCfg = Debug|Any CPU
		{D9FCD33B-26F5-4230-9B7E-998030AFF05F}.Debug|Any CPU.Build.0 = Debug|Any CPU
		{D9FCD33B-26F5-4230-9B7E-998030AFF05F}.Release|Any CPU.ActiveCfg = Release|Any CPU
		{D9FCD33B-26F5-4230-9B7E-998030AFF05F}.Release|Any CPU.Build.0 = Release|Any CPU
		{F57E8A53-7328-46E7-B5B1-77C5AAB49D73}.Debug|Any CPU.ActiveCfg = Debug|Any CPU
		{F57E8A53-7328-46E7-B5B1-77C5AAB49D73}.Debug|Any CPU.Build.0 = Debug|Any CPU
		{F57E8A53-7328-46E7-B5B1-77C5AAB49D73}.Release|Any CPU.ActiveCfg = Release|Any CPU
		{F57E8A53-7328-46E7-B5B1-77C5AAB49D73}.Release|Any CPU.Build.0 = Release|Any CPU
		{31366A7F-A727-4649-8B0F-4DA628DCF5C4}.Debug|Any CPU.ActiveCfg = Debug|Any CPU
		{31366A7F-A727-4649-8B0F-4DA628DCF5C4}.Debug|Any CPU.Build.0 = Debug|Any CPU
		{31366A7F-A727-4649-8B0F-4DA628DCF5C4}.Release|Any CPU.ActiveCfg = Release|Any CPU
		{31366A7F-A727-4649-8B0F-4DA628DCF5C4}.Release|Any CPU.Build.0 = Release|Any CPU
		{31F9BA47-BE83-4579-88AB-97633952E4CA}.Debug|Any CPU.ActiveCfg = Debug|Any CPU
		{31F9BA47-BE83-4579-88AB-97633952E4CA}.Debug|Any CPU.Build.0 = Debug|Any CPU
		{31F9BA47-BE83-4579-88AB-97633952E4CA}.Release|Any CPU.ActiveCfg = Release|Any CPU
		{31F9BA47-BE83-4579-88AB-97633952E4CA}.Release|Any CPU.Build.0 = Release|Any CPU
		{0DC4E396-5A25-4481-B1A4-75A02E0841CF}.Debug|Any CPU.ActiveCfg = Debug|Any CPU
		{0DC4E396-5A25-4481-B1A4-75A02E0841CF}.Debug|Any CPU.Build.0 = Debug|Any CPU
		{0DC4E396-5A25-4481-B1A4-75A02E0841CF}.Release|Any CPU.ActiveCfg = Release|Any CPU
		{0DC4E396-5A25-4481-B1A4-75A02E0841CF}.Release|Any CPU.Build.0 = Release|Any CPU
		{4FA25776-9C53-4F8E-975D-1FD299F0BD36}.Debug|Any CPU.ActiveCfg = Debug|Any CPU
		{4FA25776-9C53-4F8E-975D-1FD299F0BD36}.Debug|Any CPU.Build.0 = Debug|Any CPU
		{4FA25776-9C53-4F8E-975D-1FD299F0BD36}.Release|Any CPU.ActiveCfg = Release|Any CPU
		{4FA25776-9C53-4F8E-975D-1FD299F0BD36}.Release|Any CPU.Build.0 = Release|Any CPU
		{2671F646-DEC5-4D52-B394-2DDEFBD8C0EF}.Debug|Any CPU.ActiveCfg = Debug|Any CPU
		{2671F646-DEC5-4D52-B394-2DDEFBD8C0EF}.Debug|Any CPU.Build.0 = Debug|Any CPU
		{2671F646-DEC5-4D52-B394-2DDEFBD8C0EF}.Release|Any CPU.ActiveCfg = Release|Any CPU
		{2671F646-DEC5-4D52-B394-2DDEFBD8C0EF}.Release|Any CPU.Build.0 = Release|Any CPU
		{C7B3936B-0527-46BD-9D94-D61E192C902D}.Debug|Any CPU.ActiveCfg = Debug|Any CPU
		{C7B3936B-0527-46BD-9D94-D61E192C902D}.Debug|Any CPU.Build.0 = Debug|Any CPU
		{C7B3936B-0527-46BD-9D94-D61E192C902D}.Release|Any CPU.ActiveCfg = Release|Any CPU
		{C7B3936B-0527-46BD-9D94-D61E192C902D}.Release|Any CPU.Build.0 = Release|Any CPU
		{5BF05CFA-7619-400B-A2BE-49265622A278}.Debug|Any CPU.ActiveCfg = Debug|Any CPU
		{5BF05CFA-7619-400B-A2BE-49265622A278}.Debug|Any CPU.Build.0 = Debug|Any CPU
		{5BF05CFA-7619-400B-A2BE-49265622A278}.Release|Any CPU.ActiveCfg = Release|Any CPU
		{5BF05CFA-7619-400B-A2BE-49265622A278}.Release|Any CPU.Build.0 = Release|Any CPU
		{28AF2FD8-E0C7-41C0-86D4-EC6D83FBC936}.Debug|Any CPU.ActiveCfg = Debug|Any CPU
		{28AF2FD8-E0C7-41C0-86D4-EC6D83FBC936}.Debug|Any CPU.Build.0 = Debug|Any CPU
		{28AF2FD8-E0C7-41C0-86D4-EC6D83FBC936}.Release|Any CPU.ActiveCfg = Release|Any CPU
		{28AF2FD8-E0C7-41C0-86D4-EC6D83FBC936}.Release|Any CPU.Build.0 = Release|Any CPU
	EndGlobalSection
	GlobalSection(SolutionProperties) = preSolution
		HideSolutionNode = FALSE
	EndGlobalSection
	GlobalSection(NestedProjects) = preSolution
		{DEA78FCD-E61C-4D1A-A290-C2A74EF0E8F5} = {8D857487-AD4A-41A5-8918-4367593CC69E}
		{DB839190-BAEC-421C-8BE5-6440678107FF} = {8D857487-AD4A-41A5-8918-4367593CC69E}
		{0680CF91-8EA6-45D4-80D5-65D741CECBD0} = {8D857487-AD4A-41A5-8918-4367593CC69E}
		{8B83439D-5668-4E8F-97B6-64C8BF506418} = {8D857487-AD4A-41A5-8918-4367593CC69E}
		{62A16287-50A6-4CC9-B71C-AE1722738228} = {85DED876-327F-4318-9D24-A6A950B3833F}
		{D9FCD33B-26F5-4230-9B7E-998030AFF05F} = {B2CB0945-1623-48A3-A8FA-4464B35239DC}
		{F57E8A53-7328-46E7-B5B1-77C5AAB49D73} = {B2CB0945-1623-48A3-A8FA-4464B35239DC}
		{31366A7F-A727-4649-8B0F-4DA628DCF5C4} = {DEA78FCD-E61C-4D1A-A290-C2A74EF0E8F5}
		{31F9BA47-BE83-4579-88AB-97633952E4CA} = {DEA78FCD-E61C-4D1A-A290-C2A74EF0E8F5}
		{0DC4E396-5A25-4481-B1A4-75A02E0841CF} = {DEA78FCD-E61C-4D1A-A290-C2A74EF0E8F5}
		{4FA25776-9C53-4F8E-975D-1FD299F0BD36} = {DEA78FCD-E61C-4D1A-A290-C2A74EF0E8F5}
		{2671F646-DEC5-4D52-B394-2DDEFBD8C0EF} = {0680CF91-8EA6-45D4-80D5-65D741CECBD0}
		{C7B3936B-0527-46BD-9D94-D61E192C902D} = {0680CF91-8EA6-45D4-80D5-65D741CECBD0}
		{5BF05CFA-7619-400B-A2BE-49265622A278} = {0680CF91-8EA6-45D4-80D5-65D741CECBD0}
		{28AF2FD8-E0C7-41C0-86D4-EC6D83FBC936} = {0680CF91-8EA6-45D4-80D5-65D741CECBD0}
	EndGlobalSection
EndGlobal
